{
  "requires": true,
  "lockfileVersion": 1,
  "dependencies": {
    "browser-image-compression": {
      "version": "1.0.5",
      "resolved": "https://registry.npmjs.org/browser-image-compression/-/browser-image-compression-1.0.5.tgz",
      "integrity": "sha512-bEI+PYMkCPYg86g+gnCVWZfSsHF9Cgb4GvnUrfXv/Akd9t7MkC0OVTWRq589bs/mrQubbeXi/NZ3j5EHy+yR5g=="
    }
  }
}
